// !$*UTF8*$!
{
	archiveVersion = 1;
	classes = {
	};
	objectVersion = 56;
	objects = {

/* Begin PBXBuildFile section */
		6E6EB2462ADD231A005A100D /* nodistanceApp.swift in Sources */ = {isa = PBXBuildFile; fileRef = 6E6EB2452ADD231A005A100D /* nodistanceApp.swift */; };
		6E6EB2482ADD231A005A100D /* ContentView.swift in Sources */ = {isa = PBXBuildFile; fileRef = 6E6EB2472ADD231A005A100D /* ContentView.swift */; };
		6E6EB24A2ADD231C005A100D /* Assets.xcassets in Resources */ = {isa = PBXBuildFile; fileRef = 6E6EB2492ADD231C005A100D /* Assets.xcassets */; };
		6E6EB24D2ADD231C005A100D /* Preview Assets.xcassets in Resources */ = {isa = PBXBuildFile; fileRef = 6E6EB24C2ADD231C005A100D /* Preview Assets.xcassets */; };
		6E6EB2572ADD231D005A100D /* nodistanceTests.swift in Sources */ = {isa = PBXBuildFile; fileRef = 6E6EB2562ADD231D005A100D /* nodistanceTests.swift */; };
		6E6EB2612ADD231D005A100D /* nodistanceUITests.swift in Sources */ = {isa = PBXBuildFile; fileRef = 6E6EB2602ADD231D005A100D /* nodistanceUITests.swift */; };
		6E6EB2632ADD231D005A100D /* nodistanceUITestsLaunchTests.swift in Sources */ = {isa = PBXBuildFile; fileRef = 6E6EB2622ADD231D005A100D /* nodistanceUITestsLaunchTests.swift */; };
/* End PBXBuildFile section */

/* Begin PBXContainerItemProxy section */
		6E6EB2532ADD231D005A100D /* PBXContainerItemProxy */ = {
			isa = PBXContainerItemProxy;
			containerPortal = 6E6EB23A2ADD231A005A100D /* Project object */;
			proxyType = 1;
			remoteGlobalIDString = 6E6EB2412ADD231A005A100D;
			remoteInfo = nodistance;
		};
		6E6EB25D2ADD231D005A100D /* PBXContainerItemProxy */ = {
			isa = PBXContainerItemProxy;
			containerPortal = 6E6EB23A2ADD231A005A100D /* Project object */;
			proxyType = 1;
			remoteGlobalIDString = 6E6EB2412ADD231A005A100D;
			remoteInfo = nodistance;
		};
/* End PBXContainerItemProxy section */

/* Begin PBXFileReference section */
		6E6EB2422ADD231A005A100D /* nodistance.app */ = {isa = PBXFileReference; explicitFileType = wrapper.application; includeInIndex = 0; path = nodistance.app; sourceTree = BUILT_PRODUCTS_DIR; };
		6E6EB2452ADD231A005A100D /* nodistanceApp.swift */ = {isa = PBXFileReference; lastKnownFileType = sourcecode.swift; path = nodistanceApp.swift; sourceTree = "<group>"; };
		6E6EB2472ADD231A005A100D /* ContentView.swift */ = {isa = PBXFileReference; lastKnownFileType = sourcecode.swift; path = ContentView.swift; sourceTree = "<group>"; };
		6E6EB2492ADD231C005A100D /* Assets.xcassets */ = {isa = PBXFileReference; lastKnownFileType = folder.assetcatalog; path = Assets.xcassets; sourceTree = "<group>"; };
		6E6EB24C2ADD231C005A100D /* Preview Assets.xcassets */ = {isa = PBXFileReference; lastKnownFileType = folder.assetcatalog; path = "Preview Assets.xcassets"; sourceTree = "<group>"; };
		6E6EB2522ADD231D005A100D /* nodistanceTests.xctest */ = {isa = PBXFileReference; explicitFileType = wrapper.cfbundle; includeInIndex = 0; path = nodistanceTests.xctest; sourceTree = BUILT_PRODUCTS_DIR; };
		6E6EB2562ADD231D005A100D /* nodistanceTests.swift */ = {isa = PBXFileReference; lastKnownFileType = sourcecode.swift; path = nodistanceTests.swift; sourceTree = "<group>"; };
		6E6EB25C2ADD231D005A100D /* nodistanceUITests.xctest */ = {isa = PBXFileReference; explicitFileType = wrapper.cfbundle; includeInIndex = 0; path = nodistanceUITests.xctest; sourceTree = BUILT_PRODUCTS_DIR; };
		6E6EB2602ADD231D005A100D /* nodistanceUITests.swift */ = {isa = PBXFileReference; lastKnownFileType = sourcecode.swift; path = nodistanceUITests.swift; sourceTree = "<group>"; };
		6E6EB2622ADD231D005A100D /* nodistanceUITestsLaunchTests.swift */ = {isa = PBXFileReference; lastKnownFileType = sourcecode.swift; path = nodistanceUITestsLaunchTests.swift; sourceTree = "<group>"; };
/* End PBXFileReference section */

/* Begin PBXFrameworksBuildPhase section */
		6E6EB23F2ADD231A005A100D /* Frameworks */ = {
			isa = PBXFrameworksBuildPhase;
			buildActionMask = 2147483647;
			files = (
			);
			runOnlyForDeploymentPostprocessing = 0;
		};
		6E6EB24F2ADD231D005A100D /* Frameworks */ = {
			isa = PBXFrameworksBuildPhase;
			buildActionMask = 2147483647;
			files = (
			);
			runOnlyForDeploymentPostprocessing = 0;
		};
		6E6EB2592ADD231D005A100D /* Frameworks */ = {
			isa = PBXFrameworksBuildPhase;
			buildActionMask = 2147483647;
			files = (
			);
			runOnlyForDeploymentPostprocessing = 0;
		};
/* End PBXFrameworksBuildPhase section */

/* Begin PBXGroup section */
		6E6EB2392ADD231A005A100D = {
			isa = PBXGroup;
			children = (
				6E6EB2442ADD231A005A100D /* nodistance */,
				6E6EB2552ADD231D005A100D /* nodistanceTests */,
				6E6EB25F2ADD231D005A100D /* nodistanceUITests */,
				6E6EB2432ADD231A005A100D /* Products */,
			);
			sourceTree = "<group>";
		};
		6E6EB2432ADD231A005A100D /* Products */ = {
			isa = PBXGroup;
			children = (
				6E6EB2422ADD231A005A100D /* nodistance.app */,
				6E6EB2522ADD231D005A100D /* nodistanceTests.xctest */,
				6E6EB25C2ADD231D005A100D /* nodistanceUITests.xctest */,
			);
			name = Products;
			sourceTree = "<group>";
		};
		6E6EB2442ADD231A005A100D /* nodistance */ = {
			isa = PBXGroup;
			children = (
				6E6EB2452ADD231A005A100D /* nodistanceApp.swift */,
				6E6EB2472ADD231A005A100D /* ContentView.swift */,
				6E6EB2492ADD231C005A100D /* Assets.xcassets */,
				6E6EB24B2ADD231C005A100D /* Preview Content */,
			);
			path = nodistance;
			sourceTree = "<group>";
		};
		6E6EB24B2ADD231C005A100D /* Preview Content */ = {
			isa = PBXGroup;
			children = (
				6E6EB24C2ADD231C005A100D /* Preview Assets.xcassets */,
			);
			path = "Preview Content";
			sourceTree = "<group>";
		};
		6E6EB2552ADD231D005A100D /* nodistanceTests */ = {
			isa = PBXGroup;
			children = (
				6E6EB2562ADD231D005A100D /* nodistanceTests.swift */,
			);
			path = nodistanceTests;
			sourceTree = "<group>";
		};
		6E6EB25F2ADD231D005A100D /* nodistanceUITests */ = {
			isa = PBXGroup;
			children = (
				6E6EB2602ADD231D005A100D /* nodistanceUITests.swift */,
				6E6EB2622ADD231D005A100D /* nodistanceUITestsLaunchTests.swift */,
			);
			path = nodistanceUITests;
			sourceTree = "<group>";
		};
/* End PBXGroup section */

/* Begin PBXNativeTarget section */
		6E6EB2412ADD231A005A100D /* nodistance */ = {
			isa = PBXNativeTarget;
			buildConfigurationList = 6E6EB2662ADD231D005A100D /* Build configuration list for PBXNativeTarget "nodistance" */;
			buildPhases = (
				6E6EB23E2ADD231A005A100D /* Sources */,
				6E6EB23F2ADD231A005A100D /* Frameworks */,
				6E6EB2402ADD231A005A100D /* Resources */,
			);
			buildRules = (
			);
			dependencies = (
			);
			name = nodistance;
			productName = nodistance;
			productReference = 6E6EB2422ADD231A005A100D /* nodistance.app */;
			productType = "com.apple.product-type.application";
		};
		6E6EB2512ADD231D005A100D /* nodistanceTests */ = {
			isa = PBXNativeTarget;
			buildConfigurationList = 6E6EB2692ADD231D005A100D /* Build configuration list for PBXNativeTarget "nodistanceTests" */;
			buildPhases = (
				6E6EB24E2ADD231D005A100D /* Sources */,
				6E6EB24F2ADD231D005A100D /* Frameworks */,
				6E6EB2502ADD231D005A100D /* Resources */,
			);
			buildRules = (
			);
			dependencies = (
				6E6EB2542ADD231D005A100D /* PBXTargetDependency */,
			);
			name = nodistanceTests;
			productName = nodistanceTests;
			productReference = 6E6EB2522ADD231D005A100D /* nodistanceTests.xctest */;
			productType = "com.apple.product-type.bundle.unit-test";
		};
		6E6EB25B2ADD231D005A100D /* nodistanceUITests */ = {
			isa = PBXNativeTarget;
			buildConfigurationList = 6E6EB26C2ADD231D005A100D /* Build configuration list for PBXNativeTarget "nodistanceUITests" */;
			buildPhases = (
				6E6EB2582ADD231D005A100D /* Sources */,
				6E6EB2592ADD231D005A100D /* Frameworks */,
				6E6EB25A2ADD231D005A100D /* Resources */,
			);
			buildRules = (
			);
			dependencies = (
				6E6EB25E2ADD231D005A100D /* PBXTargetDependency */,
			);
			name = nodistanceUITests;
			productName = nodistanceUITests;
			productReference = 6E6EB25C2ADD231D005A100D /* nodistanceUITests.xctest */;
			productType = "com.apple.product-type.bundle.ui-testing";
		};
/* End PBXNativeTarget section */

/* Begin PBXProject section */
		6E6EB23A2ADD231A005A100D /* Project object */ = {
			isa = PBXProject;
			attributes = {
				BuildIndependentTargetsInParallel = 1;
				LastSwiftUpdateCheck = 1420;
				LastUpgradeCheck = 1420;
				TargetAttributes = {
					6E6EB2412ADD231A005A100D = {
						CreatedOnToolsVersion = 14.2;
					};
					6E6EB2512ADD231D005A100D = {
						CreatedOnToolsVersion = 14.2;
						TestTargetID = 6E6EB2412ADD231A005A100D;
					};
					6E6EB25B2ADD231D005A100D = {
						CreatedOnToolsVersion = 14.2;
						TestTargetID = 6E6EB2412ADD231A005A100D;
					};
				};
			};
			buildConfigurationList = 6E6EB23D2ADD231A005A100D /* Build configuration list for PBXProject "nodistance" */;
			compatibilityVersion = "Xcode 14.0";
			developmentRegion = en;
			hasScannedForEncodings = 0;
			knownRegions = (
				en,
				Base,
			);
			mainGroup = 6E6EB2392ADD231A005A100D;
			productRefGroup = 6E6EB2432ADD231A005A100D /* Products */;
			projectDirPath = "";
			projectRoot = "";
			targets = (
				6E6EB2412ADD231A005A100D /* nodistance */,
				6E6EB2512ADD231D005A100D /* nodistanceTests */,
				6E6EB25B2ADD231D005A100D /* nodistanceUITests */,
			);
		};
/* End PBXProject section */

/* Begin PBXResourcesBuildPhase section */
		6E6EB2402ADD231A005A100D /* Resources */ = {
			isa = PBXResourcesBuildPhase;
			buildActionMask = 2147483647;
			files = (
				6E6EB24D2ADD231C005A100D /* Preview Assets.xcassets in Resources */,
				6E6EB24A2ADD231C005A100D /* Assets.xcassets in Resources */,
			);
			runOnlyForDeploymentPostprocessing = 0;
		};
		6E6EB2502ADD231D005A100D /* Resources */ = {
			isa = PBXResourcesBuildPhase;
			buildActionMask = 2147483647;
			files = (
			);
			runOnlyForDeploymentPostprocessing = 0;
		};
		6E6EB25A2ADD231D005A100D /* Resources */ = {
			isa = PBXResourcesBuildPhase;
			buildActionMask = 2147483647;
			files = (
			);
			runOnlyForDeploymentPostprocessing = 0;
		};
/* End PBXResourcesBuildPhase section */

/* Begin PBXSourcesBuildPhase section */
		6E6EB23E2ADD231A005A100D /* Sources */ = {
			isa = PBXSourcesBuildPhase;
			buildActionMask = 2147483647;
			files = (
				6E6EB2482ADD231A005A100D /* ContentView.swift in Sources */,
				6E6EB2462ADD231A005A100D /* nodistanceApp.swift in Sources */,
			);
			runOnlyForDeploymentPostprocessing = 0;
		};
		6E6EB24E2ADD231D005A100D /* Sources */ = {
			isa = PBXSourcesBuildPhase;
			buildActionMask = 2147483647;
			files = (
				6E6EB2572ADD231D005A100D /* nodistanceTests.swift in Sources */,
			);
			runOnlyForDeploymentPostprocessing = 0;
		};
		6E6EB2582ADD231D005A100D /* Sources */ = {
			isa = PBXSourcesBuildPhase;
			buildActionMask = 2147483647;
			files = (
				6E6EB2632ADD231D005A100D /* nodistanceUITestsLaunchTests.swift in Sources */,
				6E6EB2612ADD231D005A100D /* nodistanceUITests.swift in Sources */,
			);
			runOnlyForDeploymentPostprocessing = 0;
		};
/* End PBXSourcesBuildPhase section */

/* Begin PBXTargetDependency section */
		6E6EB2542ADD231D005A100D /* PBXTargetDependency */ = {
			isa = PBXTargetDependency;
			target = 6E6EB2412ADD231A005A100D /* nodistance */;
			targetProxy = 6E6EB2532ADD231D005A100D /* PBXContainerItemProxy */;
		};
		6E6EB25E2ADD231D005A100D /* PBXTargetDependency */ = {
			isa = PBXTargetDependency;
			target = 6E6EB2412ADD231A005A100D /* nodistance */;
			targetProxy = 6E6EB25D2ADD231D005A100D /* PBXContainerItemProxy */;
		};
/* End PBXTargetDependency section */

/* Begin XCBuildConfiguration section */
		6E6EB2642ADD231D005A100D /* Debug */ = {
			isa = XCBuildConfiguration;
			buildSettings = {
				ALWAYS_SEARCH_USER_PATHS = NO;
				CLANG_ANALYZER_NONNULL = YES;
				CLANG_ANALYZER_NUMBER_OBJECT_CONVERSION = YES_AGGRESSIVE;
				CLANG_CXX_LANGUAGE_STANDARD = "gnu++20";
				CLANG_ENABLE_MODULES = YES;
				CLANG_ENABLE_OBJC_ARC = YES;
				CLANG_ENABLE_OBJC_WEAK = YES;
				CLANG_WARN_BLOCK_CAPTURE_AUTORELEASING = YES;
				CLANG_WARN_BOOL_CONVERSION = YES;
				CLANG_WARN_COMMA = YES;
				CLANG_WARN_CONSTANT_CONVERSION = YES;
				CLANG_WARN_DEPRECATED_OBJC_IMPLEMENTATIONS = YES;
				CLANG_WARN_DIRECT_OBJC_ISA_USAGE = YES_ERROR;
				CLANG_WARN_DOCUMENTATION_COMMENTS = YES;
				CLANG_WARN_EMPTY_BODY = YES;
				CLANG_WARN_ENUM_CONVERSION = YES;
				CLANG_WARN_INFINITE_RECURSION = YES;
				CLANG_WARN_INT_CONVERSION = YES;
				CLANG_WARN_NON_LITERAL_NULL_CONVERSION = YES;
				CLANG_WARN_OBJC_IMPLICIT_RETAIN_SELF = YES;
				CLANG_WARN_OBJC_LITERAL_CONVERSION = YES;
				CLANG_WARN_OBJC_ROOT_CLASS = YES_ERROR;
				CLANG_WARN_QUOTED_INCLUDE_IN_FRAMEWORK_HEADER = YES;
				CLANG_WARN_RANGE_LOOP_ANALYSIS = YES;
				CLANG_WARN_STRICT_PROTOTYPES = YES;
				CLANG_WARN_SUSPICIOUS_MOVE = YES;
				CLANG_WARN_UNGUARDED_AVAILABILITY = YES_AGGRESSIVE;
				CLANG_WARN_UNREACHABLE_CODE = YES;
				CLANG_WARN__DUPLICATE_METHOD_MATCH = YES;
				COPY_PHASE_STRIP = NO;
				DEBUG_INFORMATION_FORMAT = dwarf;
				ENABLE_STRICT_OBJC_MSGSEND = YES;
				ENABLE_TESTABILITY = YES;
				GCC_C_LANGUAGE_STANDARD = gnu11;
				GCC_DYNAMIC_NO_PIC = NO;
				GCC_NO_COMMON_BLOCKS = YES;
				GCC_OPTIMIZATION_LEVEL = 0;
				GCC_PREPROCESSOR_DEFINITIONS = (
					"DEBUG=1",
					"$(inherited)",
				);
				GCC_WARN_64_TO_32_BIT_CONVERSION = YES;
				GCC_WARN_ABOUT_RETURN_TYPE = YES_ERROR;
				GCC_WARN_UNDECLARED_SELECTOR = YES;
				GCC_WARN_UNINITIALIZED_AUTOS = YES_AGGRESSIVE;
				GCC_WARN_UNUSED_FUNCTION = YES;
				GCC_WARN_UNUSED_VARIABLE = YES;
				IPHONEOS_DEPLOYMENT_TARGET = 16.2;
				MTL_ENABLE_DEBUG_INFO = INCLUDE_SOURCE;
				MTL_FAST_MATH = YES;
				ONLY_ACTIVE_ARCH = YES;
				SDKROOT = iphoneos;
				SWIFT_ACTIVE_COMPILATION_CONDITIONS = DEBUG;
				SWIFT_OPTIMIZATION_LEVEL = "-Onone";
			};
			name = Debug;
		};
		6E6EB2652ADD231D005A100D /* Release */ = {
			isa = XCBuildConfiguration;
			buildSettings = {
				ALWAYS_SEARCH_USER_PATHS = NO;
				CLANG_ANALYZER_NONNULL = YES;
				CLANG_ANALYZER_NUMBER_OBJECT_CONVERSION = YES_AGGRESSIVE;
				CLANG_CXX_LANGUAGE_STANDARD = "gnu++20";
				CLANG_ENABLE_MODULES = YES;
				CLANG_ENABLE_OBJC_ARC = YES;
				CLANG_ENABLE_OBJC_WEAK = YES;
				CLANG_WARN_BLOCK_CAPTURE_AUTORELEASING = YES;
				CLANG_WARN_BOOL_CONVERSION = YES;
				CLANG_WARN_COMMA = YES;
				CLANG_WARN_CONSTANT_CONVERSION = YES;
				CLANG_WARN_DEPRECATED_OBJC_IMPLEMENTATIONS = YES;
				CLANG_WARN_DIRECT_OBJC_ISA_USAGE = YES_ERROR;
				CLANG_WARN_DOCUMENTATION_COMMENTS = YES;
				CLANG_WARN_EMPTY_BODY = YES;
				CLANG_WARN_ENUM_CONVERSION = YES;
				CLANG_WARN_INFINITE_RECURSION = YES;
				CLANG_WARN_INT_CONVERSION = YES;
				CLANG_WARN_NON_LITERAL_NULL_CONVERSION = YES;
				CLANG_WARN_OBJC_IMPLICIT_RETAIN_SELF = YES;
				CLANG_WARN_OBJC_LITERAL_CONVERSION = YES;
				CLANG_WARN_OBJC_ROOT_CLASS = YES_ERROR;
				CLANG_WARN_QUOTED_INCLUDE_IN_FRAMEWORK_HEADER = YES;
				CLANG_WARN_RANGE_LOOP_ANALYSIS = YES;
				CLANG_WARN_STRICT_PROTOTYPES = YES;
				CLANG_WARN_SUSPICIOUS_MOVE = YES;
				CLANG_WARN_UNGUARDED_AVAILABILITY = YES_AGGRESSIVE;
				CLANG_WARN_UNREACHABLE_CODE = YES;
				CLANG_WARN__DUPLICATE_METHOD_MATCH = YES;
				COPY_PHASE_STRIP = NO;
				DEBUG_INFORMATION_FORMAT = "dwarf-with-dsym";
				ENABLE_NS_ASSERTIONS = NO;
				ENABLE_STRICT_OBJC_MSGSEND = YES;
				GCC_C_LANGUAGE_STANDARD = gnu11;
				GCC_NO_COMMON_BLOCKS = YES;
				GCC_WARN_64_TO_32_BIT_CONVERSION = YES;
				GCC_WARN_ABOUT_RETURN_TYPE = YES_ERROR;
				GCC_WARN_UNDECLARED_SELECTOR = YES;
				GCC_WARN_UNINITIALIZED_AUTOS = YES_AGGRESSIVE;
				GCC_WARN_UNUSED_FUNCTION = YES;
				GCC_WARN_UNUSED_VARIABLE = YES;
				IPHONEOS_DEPLOYMENT_TARGET = 16.2;
				MTL_ENABLE_DEBUG_INFO = NO;
				MTL_FAST_MATH = YES;
				SDKROOT = iphoneos;
				SWIFT_COMPILATION_MODE = wholemodule;
				SWIFT_OPTIMIZATION_LEVEL = "-O";
				VALIDATE_PRODUCT = YES;
			};
			name = Release;
		};
		6E6EB2672ADD231D005A100D /* Debug */ = {
			isa = XCBuildConfiguration;
			buildSettings = {
				ASSETCATALOG_COMPILER_APPICON_NAME = AppIcon;
				ASSETCATALOG_COMPILER_GLOBAL_ACCENT_COLOR_NAME = AccentColor;
				CODE_SIGN_STYLE = Automatic;
				CURRENT_PROJECT_VERSION = 1;
				DEVELOPMENT_ASSET_PATHS = "\"nodistance/Preview Content\"";
				DEVELOPMENT_TEAM = JALH6Q33D7;
				ENABLE_PREVIEWS = YES;
				GENERATE_INFOPLIST_FILE = YES;
				INFOPLIST_KEY_UIApplicationSceneManifest_Generation = YES;
				INFOPLIST_KEY_UIApplicationSupportsIndirectInputEvents = YES;
				INFOPLIST_KEY_UILaunchScreen_Generation = YES;
				INFOPLIST_KEY_UISupportedInterfaceOrientations_iPad = "UIInterfaceOrientationPortrait UIInterfaceOrientationPortraitUpsideDown UIInterfaceOrientationLandscapeLeft UIInterfaceOrientationLandscapeRight";
				INFOPLIST_KEY_UISupportedInterfaceOrientations_iPhone = "UIInterfaceOrientationPortrait UIInterfaceOrientationLandscapeLeft UIInterfaceOrientationLandscapeRight";
				LD_RUNPATH_SEARCH_PATHS = (
					"$(inherited)",
					"@executable_path/Frameworks",
				);
				MARKETING_VERSION = 1.0;
				PRODUCT_BUNDLE_IDENTIFIER = com.ahmedelsaeed.nodistance;
				PRODUCT_NAME = "$(TARGET_NAME)";
				SWIFT_EMIT_LOC_STRINGS = YES;
				SWIFT_VERSION = 5.0;
				TARGETED_DEVICE_FAMILY = "1,2";
			};
			name = Debug;
		};
		6E6EB2682ADD231D005A100D /* Release */ = {
			isa = XCBuildConfiguration;
			buildSettings = {
				ASSETCATALOG_COMPILER_APPICON_NAME = AppIcon;
				ASSETCATALOG_COMPILER_GLOBAL_ACCENT_COLOR_NAME = AccentColor;
				CODE_SIGN_STYLE = Automatic;
				CURRENT_PROJECT_VERSION = 1;
				DEVELOPMENT_ASSET_PATHS = "\"nodistance/Preview Content\"";
				DEVELOPMENT_TEAM = JALH6Q33D7;
				ENABLE_PREVIEWS = YES;
				GENERATE_INFOPLIST_FILE = YES;
				INFOPLIST_KEY_UIApplicationSceneManifest_Generation = YES;
				INFOPLIST_KEY_UIApplicationSupportsIndirectInputEvents = YES;
				INFOPLIST_KEY_UILaunchScreen_Generation = YES;
				INFOPLIST_KEY_UISupportedInterfaceOrientations_iPad = "UIInterfaceOrientationPortrait UIInterfaceOrientationPortraitUpsideDown UIInterfaceOrientationLandscapeLeft UIInterfaceOrientationLandscapeRight";
				INFOPLIST_KEY_UISupportedInterfaceOrientations_iPhone = "UIInterfaceOrientationPortrait UIInterfaceOrientationLandscapeLeft UIInterfaceOrientationLandscapeRight";
				LD_RUNPATH_SEARCH_PATHS = (
					"$(inherited)",
					"@executable_path/Frameworks",
				);
				MARKETING_VERSION = 1.0;
				PRODUCT_BUNDLE_IDENTIFIER = com.ahmedelsaeed.nodistance;
				PRODUCT_NAME = "$(TARGET_NAME)";
				SWIFT_EMIT_LOC_STRINGS = YES;
				SWIFT_VERSION = 5.0;
				TARGETED_DEVICE_FAMILY = "1,2";
			};
			name = Release;
		};
		6E6EB26A2ADD231D005A100D /* Debug */ = {
			isa = XCBuildConfiguration;
			buildSettings = {
				ALWAYS_EMBED_SWIFT_STANDARD_LIBRARIES = YES;
				BUNDLE_LOADER = "$(TEST_HOST)";
				CODE_SIGN_STYLE = Automatic;
				CURRENT_PROJECT_VERSION = 1;
				DEVELOPMENT_TEAM = JALH6Q33D7;
				GENERATE_INFOPLIST_FILE = YES;
				IPHONEOS_DEPLOYMENT_TARGET = 16.2;
				MARKETING_VERSION = 1.0;
				PRODUCT_BUNDLE_IDENTIFIER = com.ahmedelsaeed.nodistanceTests;
				PRODUCT_NAME = "$(TARGET_NAME)";
				SWIFT_EMIT_LOC_STRINGS = NO;
				SWIFT_VERSION = 5.0;
				TARGETED_DEVICE_FAMILY = "1,2";
				TEST_HOST = "$(BUILT_PRODUCTS_DIR)/nodistance.app/$(BUNDLE_EXECUTABLE_FOLDER_PATH)/nodistance";
			};
			name = Debug;
		};
		6E6EB26B2ADD231D005A100D /* Release */ = {
			isa = XCBuildConfiguration;
			buildSettings = {
				ALWAYS_EMBED_SWIFT_STANDARD_LIBRARIES = YES;
				BUNDLE_LOADER = "$(TEST_HOST)";
				CODE_SIGN_STYLE = Automatic;
				CURRENT_PROJECT_VERSION = 1;
				DEVELOPMENT_TEAM = JALH6Q33D7;
				GENERATE_INFOPLIST_FILE = YES;
				IPHONEOS_DEPLOYMENT_TARGET = 16.2;
				MARKETING_VERSION = 1.0;
				PRODUCT_BUNDLE_IDENTIFIER = com.ahmedelsaeed.nodistanceTests;
				PRODUCT_NAME = "$(TARGET_NAME)";
				SWIFT_EMIT_LOC_STRINGS = NO;
				SWIFT_VERSION = 5.0;
				TARGETED_DEVICE_FAMILY = "1,2";
				TEST_HOST = "$(BUILT_PRODUCTS_DIR)/nodistance.app/$(BUNDLE_EXECUTABLE_FOLDER_PATH)/nodistance";
			};
			name = Release;
		};
		6E6EB26D2ADD231D005A100D /* Debug */ = {
			isa = XCBuildConfiguration;
			buildSettings = {
				ALWAYS_EMBED_SWIFT_STANDARD_LIBRARIES = YES;
				CODE_SIGN_STYLE = Automatic;
				CURRENT_PROJECT_VERSION = 1;
				DEVELOPMENT_TEAM = JALH6Q33D7;
				GENERATE_INFOPLIST_FILE = YES;
				MARKETING_VERSION = 1.0;
				PRODUCT_BUNDLE_IDENTIFIER = com.ahmedelsaeed.nodistanceUITests;
				PRODUCT_NAME = "$(TARGET_NAME)";
				SWIFT_EMIT_LOC_STRINGS = NO;
				SWIFT_VERSION = 5.0;
				TARGETED_DEVICE_FAMILY = "1,2";
				TEST_TARGET_NAME = nodistance;
			};
			name = Debug;
		};
		6E6EB26E2ADD231D005A100D /* Release */ = {
			isa = XCBuildConfiguration;
			buildSettings = {
				ALWAYS_EMBED_SWIFT_STANDARD_LIBRARIES = YES;
				CODE_SIGN_STYLE = Automatic;
				CURRENT_PROJECT_VERSION = 1;
				DEVELOPMENT_TEAM = JALH6Q33D7;
				GENERATE_INFOPLIST_FILE = YES;
				MARKETING_VERSION = 1.0;
				PRODUCT_BUNDLE_IDENTIFIER = com.ahmedelsaeed.nodistanceUITests;
				PRODUCT_NAME = "$(TARGET_NAME)";
				SWIFT_EMIT_LOC_STRINGS = NO;
				SWIFT_VERSION = 5.0;
				TARGETED_DEVICE_FAMILY = "1,2";
				TEST_TARGET_NAME = nodistance;
			};
			name = Release;
		};
/* End XCBuildConfiguration section */

/* Begin XCConfigurationList section */
		6E6EB23D2ADD231A005A100D /* Build configuration list for PBXProject "nodistance" */ = {
			isa = XCConfigurationList;
			buildConfigurations = (
				6E6EB2642ADD231D005A100D /* Debug */,
				6E6EB2652ADD231D005A100D /* Release */,
			);
			defaultConfigurationIsVisible = 0;
			defaultConfigurationName = Release;
		};
		6E6EB2662ADD231D005A100D /* Build configuration list for PBXNativeTarget "nodistance" */ = {
			isa = XCConfigurationList;
			buildConfigurations = (
				6E6EB2672ADD231D005A100D /* Debug */,
				6E6EB2682ADD231D005A100D /* Release */,
			);
			defaultConfigurationIsVisible = 0;
			defaultConfigurationName = Release;
		};
		6E6EB2692ADD231D005A100D /* Build configuration list for PBXNativeTarget "nodistanceTests" */ = {
			isa = XCConfigurationList;
			buildConfigurations = (
				6E6EB26A2ADD231D005A100D /* Debug */,
				6E6EB26B2ADD231D005A100D /* Release */,
			);
			defaultConfigurationIsVisible = 0;
			defaultConfigurationName = Release;
		};
		6E6EB26C2ADD231D005A100D /* Build configuration list for PBXNativeTarget "nodistanceUITests" */ = {
			isa = XCConfigurationList;
			buildConfigurations = (
				6E6EB26D2ADD231D005A100D /* Debug */,
				6E6EB26E2ADD231D005A100D /* Release */,
			);
			defaultConfigurationIsVisible = 0;
			defaultConfigurationName = Release;
		};
/* End XCConfigurationList section */
	};
	rootObject = 6E6EB23A2ADD231A005A100D /* Project object */;
}
